// !$*UTF8*$!
{
	archiveVersion = 1;
	classes = {
	};
	objectVersion = 77;
	objects = {

/* Begin PBXBuildFile section */
		A623C1A42E241E8A009CC215 /* SkinHealthApp.swift in Sources */ = {isa = PBXBuildFile; fileRef = A623C1A22E241E8A009CC215 /* SkinHealthApp.swift */; };
		A623C1A52E241E8A009CC215 /* HomePage.swift in Sources */ = {isa = PBXBuildFile; fileRef = A623C1A12E241E8A009CC215 /* HomePage.swift */; };
		A623C1A62E241E8A009CC215 /* Assets.xcassets in Resources */ = {isa = PBXBuildFile; fileRef = A623C1A02E241E8A009CC215 /* Assets.xcassets */; };
		A623C1B52E242D2D009CC215 /* GeneralSkinCancer.swift in Sources */ = {isa = PBXBuildFile; fileRef = A623C1B42E242D2D009CC215 /* GeneralSkinCancer.swift */; };
		A623DD1B2E242D53009CC215 /* GeneralSkinCancer_1.mlmodel in Sources */ = {isa = PBXBuildFile; fileRef = A623D0712E242D53009CC215 /* GeneralSkinCancer_1.mlmodel */; };
/* End PBXBuildFile section */

/* Begin PBXContainerItemProxy section */
		5C0F99242E1882890090539D /* PBXContainerItemProxy */ = {
			isa = PBXContainerItemProxy;
			containerPortal = 5C0F990E2E1882870090539D /* Project object */;
			proxyType = 1;
			remoteGlobalIDString = 5C0F99152E1882870090539D;
			remoteInfo = SkinHealth;
		};
		5C0F992E2E1882890090539D /* PBXContainerItemProxy */ = {
			isa = PBXContainerItemProxy;
			containerPortal = 5C0F990E2E1882870090539D /* Project object */;
			proxyType = 1;
			remoteGlobalIDString = 5C0F99152E1882870090539D;
			remoteInfo = SkinHealth;
		};
/* End PBXContainerItemProxy section */

/* Begin PBXFileReference section */
		5C0F99162E1882870090539D /* SkinHealth.app */ = {isa = PBXFileReference; explicitFileType = wrapper.application; includeInIndex = 0; path = SkinHealth.app; sourceTree = BUILT_PRODUCTS_DIR; };
		5C0F99232E1882890090539D /* SkinHealthTests.xctest */ = {isa = PBXFileReference; explicitFileType = wrapper.cfbundle; includeInIndex = 0; path = SkinHealthTests.xctest; sourceTree = BUILT_PRODUCTS_DIR; };
		5C0F992D2E1882890090539D /* SkinHealthUITests.xctest */ = {isa = PBXFileReference; explicitFileType = wrapper.cfbundle; includeInIndex = 0; path = SkinHealthUITests.xctest; sourceTree = BUILT_PRODUCTS_DIR; };
		A623C1A02E241E8A009CC215 /* Assets.xcassets */ = {isa = PBXFileReference; lastKnownFileType = folder.assetcatalog; path = Assets.xcassets; sourceTree = "<group>"; };
		A623C1A12E241E8A009CC215 /* HomePage.swift */ = {isa = PBXFileReference; lastKnownFileType = sourcecode.swift; path = HomePage.swift; sourceTree = "<group>"; };
		A623C1A22E241E8A009CC215 /* SkinHealthApp.swift */ = {isa = PBXFileReference; lastKnownFileType = sourcecode.swift; path = SkinHealthApp.swift; sourceTree = "<group>"; };
		A623C1B42E242D2D009CC215 /* GeneralSkinCancer.swift */ = {isa = PBXFileReference; lastKnownFileType = sourcecode.swift; path = GeneralSkinCancer.swift; sourceTree = "<group>"; };
		A623D0712E242D53009CC215 /* GeneralSkinCancer_1.mlmodel */ = {isa = PBXFileReference; lastKnownFileType = file.mlmodel; path = GeneralSkinCancer_1.mlmodel; sourceTree = "<group>"; };
/* End PBXFileReference section */

/* Begin PBXFileSystemSynchronizedRootGroup section */
		5C0F99262E1882890090539D /* SkinHealthTests */ = {
			isa = PBXFileSystemSynchronizedRootGroup;
			path = SkinHealthTests;
			sourceTree = "<group>";
		};
		5C0F99302E1882890090539D /* SkinHealthUITests */ = {
			isa = PBXFileSystemSynchronizedRootGroup;
			path = SkinHealthUITests;
			sourceTree = "<group>";
		};
/* End PBXFileSystemSynchronizedRootGroup section */

/* Begin PBXFrameworksBuildPhase section */
		5C0F99132E1882870090539D /* Frameworks */ = {
			isa = PBXFrameworksBuildPhase;
			buildActionMask = 2147483647;
			files = (
			);
			runOnlyForDeploymentPostprocessing = 0;
		};
		5C0F99202E1882890090539D /* Frameworks */ = {
			isa = PBXFrameworksBuildPhase;
			buildActionMask = 2147483647;
			files = (
			);
			runOnlyForDeploymentPostprocessing = 0;
		};
		5C0F992A2E1882890090539D /* Frameworks */ = {
			isa = PBXFrameworksBuildPhase;
			buildActionMask = 2147483647;
			files = (
			);
			runOnlyForDeploymentPostprocessing = 0;
		};
/* End PBXFrameworksBuildPhase section */

/* Begin PBXGroup section */
		5C0F990D2E1882870090539D = {
			isa = PBXGroup;
			children = (
				A623C1A32E241E8A009CC215 /* SkinHealthMain */,
				5C0F99262E1882890090539D /* SkinHealthTests */,
				5C0F99302E1882890090539D /* SkinHealthUITests */,
				5C0F99172E1882870090539D /* Products */,
			);
			sourceTree = "<group>";
		};
		5C0F99172E1882870090539D /* Products */ = {
			isa = PBXGroup;
			children = (
				5C0F99162E1882870090539D /* SkinHealth.app */,
				5C0F99232E1882890090539D /* SkinHealthTests.xctest */,
				5C0F992D2E1882890090539D /* SkinHealthUITests.xctest */,
			);
			name = Products;
			sourceTree = "<group>";
		};
		A623C1A32E241E8A009CC215 /* SkinHealthMain */ = {
			isa = PBXGroup;
			children = (
				A623D0712E242D53009CC215 /* GeneralSkinCancer_1.mlmodel */,
				A623C1B42E242D2D009CC215 /* GeneralSkinCancer.swift */,
				A623C1A02E241E8A009CC215 /* Assets.xcassets */,
				A623C1A12E241E8A009CC215 /* HomePage.swift */,
				A623C1A22E241E8A009CC215 /* SkinHealthApp.swift */,
			);
			path = SkinHealthMain;
			sourceTree = "<group>";
		};
/* End PBXGroup section */

/* Begin PBXNativeTarget section */
		5C0F99152E1882870090539D /* SkinHealth */ = {
			isa = PBXNativeTarget;
			buildConfigurationList = 5C0F99372E1882890090539D /* Build configuration list for PBXNativeTarget "SkinHealth" */;
			buildPhases = (
				5C0F99122E1882870090539D /* Sources */,
				5C0F99132E1882870090539D /* Frameworks */,
				5C0F99142E1882870090539D /* Resources */,
			);
			buildRules = (
			);
			dependencies = (
			);
			name = SkinHealth;
			packageProductDependencies = (
			);
			productName = SkinHealth;
			productReference = 5C0F99162E1882870090539D /* SkinHealth.app */;
			productType = "com.apple.product-type.application";
		};
		5C0F99222E1882890090539D /* SkinHealthTests */ = {
			isa = PBXNativeTarget;
			buildConfigurationList = 5C0F993A2E1882890090539D /* Build configuration list for PBXNativeTarget "SkinHealthTests" */;
			buildPhases = (
				5C0F991F2E1882890090539D /* Sources */,
				5C0F99202E1882890090539D /* Frameworks */,
				5C0F99212E1882890090539D /* Resources */,
			);
			buildRules = (
			);
			dependencies = (
				5C0F99252E1882890090539D /* PBXTargetDependency */,
			);
			fileSystemSynchronizedGroups = (
				5C0F99262E1882890090539D /* SkinHealthTests */,
			);
			name = SkinHealthTests;
			packageProductDependencies = (
			);
			productName = SkinHealthTests;
			productReference = 5C0F99232E1882890090539D /* SkinHealthTests.xctest */;
			productType = "com.apple.product-type.bundle.unit-test";
		};
		5C0F992C2E1882890090539D /* SkinHealthUITests */ = {
			isa = PBXNativeTarget;
			buildConfigurationList = 5C0F993D2E1882890090539D /* Build configuration list for PBXNativeTarget "SkinHealthUITests" */;
			buildPhases = (
				5C0F99292E1882890090539D /* Sources */,
				5C0F992A2E1882890090539D /* Frameworks */,
				5C0F992B2E1882890090539D /* Resources */,
			);
			buildRules = (
			);
			dependencies = (
				5C0F992F2E1882890090539D /* PBXTargetDependency */,
			);
			fileSystemSynchronizedGroups = (
				5C0F99302E1882890090539D /* SkinHealthUITests */,
			);
			name = SkinHealthUITests;
			packageProductDependencies = (
			);
			productName = SkinHealthUITests;
			productReference = 5C0F992D2E1882890090539D /* SkinHealthUITests.xctest */;
			productType = "com.apple.product-type.bundle.ui-testing";
		};
/* End PBXNativeTarget section */

/* Begin PBXProject section */
		5C0F990E2E1882870090539D /* Project object */ = {
			isa = PBXProject;
			attributes = {
				BuildIndependentTargetsInParallel = 1;
				LastSwiftUpdateCheck = 1630;
				LastUpgradeCheck = 1630;
				TargetAttributes = {
					5C0F99152E1882870090539D = {
						CreatedOnToolsVersion = 16.3;
					};
					5C0F99222E1882890090539D = {
						CreatedOnToolsVersion = 16.3;
						TestTargetID = 5C0F99152E1882870090539D;
					};
					5C0F992C2E1882890090539D = {
						CreatedOnToolsVersion = 16.3;
						TestTargetID = 5C0F99152E1882870090539D;
					};
				};
			};
			buildConfigurationList = 5C0F99112E1882870090539D /* Build configuration list for PBXProject "SkinHealth" */;
			developmentRegion = en;
			hasScannedForEncodings = 0;
			knownRegions = (
				en,
				Base,
			);
			mainGroup = 5C0F990D2E1882870090539D;
			minimizedProjectReferenceProxies = 1;
			preferredProjectObjectVersion = 77;
			productRefGroup = 5C0F99172E1882870090539D /* Products */;
			projectDirPath = "";
			projectRoot = "";
			targets = (
				5C0F99152E1882870090539D /* SkinHealth */,
				5C0F99222E1882890090539D /* SkinHealthTests */,
				5C0F992C2E1882890090539D /* SkinHealthUITests */,
			);
		};
/* End PBXProject section */

/* Begin PBXResourcesBuildPhase section */
		5C0F99142E1882870090539D /* Resources */ = {
			isa = PBXResourcesBuildPhase;
			buildActionMask = 2147483647;
			files = (
				A623C1A62E241E8A009CC215 /* Assets.xcassets in Resources */,
			);
			runOnlyForDeploymentPostprocessing = 0;
		};
		5C0F99212E1882890090539D /* Resources */ = {
			isa = PBXResourcesBuildPhase;
			buildActionMask = 2147483647;
			files = (
			);
			runOnlyForDeploymentPostprocessing = 0;
		};
		5C0F992B2E1882890090539D /* Resources */ = {
			isa = PBXResourcesBuildPhase;
			buildActionMask = 2147483647;
			files = (
			);
			runOnlyForDeploymentPostprocessing = 0;
		};
/* End PBXResourcesBuildPhase section */

/* Begin PBXSourcesBuildPhase section */
		5C0F99122E1882870090539D /* Sources */ = {
			isa = PBXSourcesBuildPhase;
			buildActionMask = 2147483647;
			files = (
				A623C1A42E241E8A009CC215 /* SkinHealthApp.swift in Sources */,
				A623C1B52E242D2D009CC215 /* GeneralSkinCancer.swift in Sources */,
				A623C1A52E241E8A009CC215 /* HomePage.swift in Sources */,
				A623DD1B2E242D53009CC215 /* GeneralSkinCancer_1.mlmodel in Sources */,
			);
			runOnlyForDeploymentPostprocessing = 0;
		};
		5C0F991F2E1882890090539D /* Sources */ = {
			isa = PBXSourcesBuildPhase;
			buildActionMask = 2147483647;
			files = (
			);
			runOnlyForDeploymentPostprocessing = 0;
		};
		5C0F99292E1882890090539D /* Sources */ = {
			isa = PBXSourcesBuildPhase;
			buildActionMask = 2147483647;
			files = (
			);
			runOnlyForDeploymentPostprocessing = 0;
		};
/* End PBXSourcesBuildPhase section */

/* Begin PBXTargetDependency section */
		5C0F99252E1882890090539D /* PBXTargetDependency */ = {
			isa = PBXTargetDependency;
			target = 5C0F99152E1882870090539D /* SkinHealth */;
			targetProxy = 5C0F99242E1882890090539D /* PBXContainerItemProxy */;
		};
		5C0F992F2E1882890090539D /* PBXTargetDependency */ = {
			isa = PBXTargetDependency;
			target = 5C0F99152E1882870090539D /* SkinHealth */;
			targetProxy = 5C0F992E2E1882890090539D /* PBXContainerItemProxy */;
		};
/* End PBXTargetDependency section */

/* Begin XCBuildConfiguration section */
		5C0F99352E1882890090539D /* Debug */ = {
			isa = XCBuildConfiguration;
			buildSettings = {
				ALWAYS_SEARCH_USER_PATHS = NO;
				ASSETCATALOG_COMPILER_GENERATE_SWIFT_ASSET_SYMBOL_EXTENSIONS = YES;
				CLANG_ANALYZER_NONNULL = YES;
				CLANG_ANALYZER_NUMBER_OBJECT_CONVERSION = YES_AGGRESSIVE;
				CLANG_CXX_LANGUAGE_STANDARD = "gnu++20";
				CLANG_ENABLE_MODULES = YES;
				CLANG_ENABLE_OBJC_ARC = YES;
				CLANG_ENABLE_OBJC_WEAK = YES;
				CLANG_WARN_BLOCK_CAPTURE_AUTORELEASING = YES;
				CLANG_WARN_BOOL_CONVERSION = YES;
				CLANG_WARN_COMMA = YES;
				CLANG_WARN_CONSTANT_CONVERSION = YES;
				CLANG_WARN_DEPRECATED_OBJC_IMPLEMENTATIONS = YES;
				CLANG_WARN_DIRECT_OBJC_ISA_USAGE = YES_ERROR;
				CLANG_WARN_DOCUMENTATION_COMMENTS = YES;
				CLANG_WARN_EMPTY_BODY = YES;
				CLANG_WARN_ENUM_CONVERSION = YES;
				CLANG_WARN_INFINITE_RECURSION = YES;
				CLANG_WARN_INT_CONVERSION = YES;
				CLANG_WARN_NON_LITERAL_NULL_CONVERSION = YES;
				CLANG_WARN_OBJC_IMPLICIT_RETAIN_SELF = YES;
				CLANG_WARN_OBJC_LITERAL_CONVERSION = YES;
				CLANG_WARN_OBJC_ROOT_CLASS = YES_ERROR;
				CLANG_WARN_QUOTED_INCLUDE_IN_FRAMEWORK_HEADER = YES;
				CLANG_WARN_RANGE_LOOP_ANALYSIS = YES;
				CLANG_WARN_STRICT_PROTOTYPES = YES;
				CLANG_WARN_SUSPICIOUS_MOVE = YES;
				CLANG_WARN_UNGUARDED_AVAILABILITY = YES_AGGRESSIVE;
				CLANG_WARN_UNREACHABLE_CODE = YES;
				CLANG_WARN__DUPLICATE_METHOD_MATCH = YES;
				COPY_PHASE_STRIP = NO;
				DEBUG_INFORMATION_FORMAT = dwarf;
				ENABLE_STRICT_OBJC_MSGSEND = YES;
				ENABLE_TESTABILITY = YES;
				ENABLE_USER_SCRIPT_SANDBOXING = YES;
				GCC_C_LANGUAGE_STANDARD = gnu17;
				GCC_DYNAMIC_NO_PIC = NO;
				GCC_NO_COMMON_BLOCKS = YES;
				GCC_OPTIMIZATION_LEVEL = 0;
				GCC_PREPROCESSOR_DEFINITIONS = (
					"DEBUG=1",
					"$(inherited)",
				);
				GCC_WARN_64_TO_32_BIT_CONVERSION = YES;
				GCC_WARN_ABOUT_RETURN_TYPE = YES_ERROR;
				GCC_WARN_UNDECLARED_SELECTOR = YES;
				GCC_WARN_UNINITIALIZED_AUTOS = YES_AGGRESSIVE;
				GCC_WARN_UNUSED_FUNCTION = YES;
				GCC_WARN_UNUSED_VARIABLE = YES;
				IPHONEOS_DEPLOYMENT_TARGET = 18.4;
				LOCALIZATION_PREFERS_STRING_CATALOGS = YES;
				MTL_ENABLE_DEBUG_INFO = INCLUDE_SOURCE;
				MTL_FAST_MATH = YES;
				ONLY_ACTIVE_ARCH = YES;
				SDKROOT = iphoneos;
				SWIFT_ACTIVE_COMPILATION_CONDITIONS = "DEBUG $(inherited)";
				SWIFT_OPTIMIZATION_LEVEL = "-Onone";
			};
			name = Debug;
		};
		5C0F99362E1882890090539D /* Release */ = {
			isa = XCBuildConfiguration;
			buildSettings = {
				ALWAYS_SEARCH_USER_PATHS = NO;
				ASSETCATALOG_COMPILER_GENERATE_SWIFT_ASSET_SYMBOL_EXTENSIONS = YES;
				CLANG_ANALYZER_NONNULL = YES;
				CLANG_ANALYZER_NUMBER_OBJECT_CONVERSION = YES_AGGRESSIVE;
				CLANG_CXX_LANGUAGE_STANDARD = "gnu++20";
				CLANG_ENABLE_MODULES = YES;
				CLANG_ENABLE_OBJC_ARC = YES;
				CLANG_ENABLE_OBJC_WEAK = YES;
				CLANG_WARN_BLOCK_CAPTURE_AUTORELEASING = YES;
				CLANG_WARN_BOOL_CONVERSION = YES;
				CLANG_WARN_COMMA = YES;
				CLANG_WARN_CONSTANT_CONVERSION = YES;
				CLANG_WARN_DEPRECATED_OBJC_IMPLEMENTATIONS = YES;
				CLANG_WARN_DIRECT_OBJC_ISA_USAGE = YES_ERROR;
				CLANG_WARN_DOCUMENTATION_COMMENTS = YES;
				CLANG_WARN_EMPTY_BODY = YES;
				CLANG_WARN_ENUM_CONVERSION = YES;
				CLANG_WARN_INFINITE_RECURSION = YES;
				CLANG_WARN_INT_CONVERSION = YES;
				CLANG_WARN_NON_LITERAL_NULL_CONVERSION = YES;
				CLANG_WARN_OBJC_IMPLICIT_RETAIN_SELF = YES;
				CLANG_WARN_OBJC_LITERAL_CONVERSION = YES;
				CLANG_WARN_OBJC_ROOT_CLASS = YES_ERROR;
				CLANG_WARN_QUOTED_INCLUDE_IN_FRAMEWORK_HEADER = YES;
				CLANG_WARN_RANGE_LOOP_ANALYSIS = YES;
				CLANG_WARN_STRICT_PROTOTYPES = YES;
				CLANG_WARN_SUSPICIOUS_MOVE = YES;
				CLANG_WARN_UNGUARDED_AVAILABILITY = YES_AGGRESSIVE;
				CLANG_WARN_UNREACHABLE_CODE = YES;
				CLANG_WARN__DUPLICATE_METHOD_MATCH = YES;
				COPY_PHASE_STRIP = NO;
				DEBUG_INFORMATION_FORMAT = "dwarf-with-dsym";
				ENABLE_NS_ASSERTIONS = NO;
				ENABLE_STRICT_OBJC_MSGSEND = YES;
				ENABLE_USER_SCRIPT_SANDBOXING = YES;
				GCC_C_LANGUAGE_STANDARD = gnu17;
				GCC_NO_COMMON_BLOCKS = YES;
				GCC_WARN_64_TO_32_BIT_CONVERSION = YES;
				GCC_WARN_ABOUT_RETURN_TYPE = YES_ERROR;
				GCC_WARN_UNDECLARED_SELECTOR = YES;
				GCC_WARN_UNINITIALIZED_AUTOS = YES_AGGRESSIVE;
				GCC_WARN_UNUSED_FUNCTION = YES;
				GCC_WARN_UNUSED_VARIABLE = YES;
				IPHONEOS_DEPLOYMENT_TARGET = 18.4;
				LOCALIZATION_PREFERS_STRING_CATALOGS = YES;
				MTL_ENABLE_DEBUG_INFO = NO;
				MTL_FAST_MATH = YES;
				SDKROOT = iphoneos;
				SWIFT_COMPILATION_MODE = wholemodule;
				VALIDATE_PRODUCT = YES;
			};
			name = Release;
		};
		5C0F99382E1882890090539D /* Debug */ = {
			isa = XCBuildConfiguration;
			buildSettings = {
				ASSETCATALOG_COMPILER_APPICON_NAME = AppIcon;
				ASSETCATALOG_COMPILER_GLOBAL_ACCENT_COLOR_NAME = AccentColor;
				CODE_SIGN_STYLE = Automatic;
				CURRENT_PROJECT_VERSION = 1;
				ENABLE_PREVIEWS = YES;
				GENERATE_INFOPLIST_FILE = YES;
				INFOPLIST_KEY_UIApplicationSceneManifest_Generation = YES;
				INFOPLIST_KEY_UIApplicationSupportsIndirectInputEvents = YES;
				INFOPLIST_KEY_UILaunchScreen_Generation = YES;
				INFOPLIST_KEY_UISupportedInterfaceOrientations_iPad = "UIInterfaceOrientationPortrait UIInterfaceOrientationPortraitUpsideDown UIInterfaceOrientationLandscapeLeft UIInterfaceOrientationLandscapeRight";
				INFOPLIST_KEY_UISupportedInterfaceOrientations_iPhone = "UIInterfaceOrientationPortrait UIInterfaceOrientationLandscapeLeft UIInterfaceOrientationLandscapeRight";
				LD_RUNPATH_SEARCH_PATHS = (
					"$(inherited)",
					"@executable_path/Frameworks",
				);
				MARKETING_VERSION = 1.0;
				PRODUCT_BUNDLE_IDENTIFIER = Calm.tanu.SkinHealth;
				PRODUCT_NAME = "$(TARGET_NAME)";
				SWIFT_EMIT_LOC_STRINGS = YES;
				SWIFT_VERSION = 5.0;
				TARGETED_DEVICE_FAMILY = "1,2";
			};
			name = Debug;
		};
		5C0F99392E1882890090539D /* Release */ = {
			isa = XCBuildConfiguration;
			buildSettings = {
				ASSETCATALOG_COMPILER_APPICON_NAME = AppIcon;
				ASSETCATALOG_COMPILER_GLOBAL_ACCENT_COLOR_NAME = AccentColor;
				CODE_SIGN_STYLE = Automatic;
				CURRENT_PROJECT_VERSION = 1;
				ENABLE_PREVIEWS = YES;
				GENERATE_INFOPLIST_FILE = YES;
				INFOPLIST_KEY_UIApplicationSceneManifest_Generation = YES;
				INFOPLIST_KEY_UIApplicationSupportsIndirectInputEvents = YES;
				INFOPLIST_KEY_UILaunchScreen_Generation = YES;
				INFOPLIST_KEY_UISupportedInterfaceOrientations_iPad = "UIInterfaceOrientationPortrait UIInterfaceOrientationPortraitUpsideDown UIInterfaceOrientationLandscapeLeft UIInterfaceOrientationLandscapeRight";
				INFOPLIST_KEY_UISupportedInterfaceOrientations_iPhone = "UIInterfaceOrientationPortrait UIInterfaceOrientationLandscapeLeft UIInterfaceOrientationLandscapeRight";
				LD_RUNPATH_SEARCH_PATHS = (
					"$(inherited)",
					"@executable_path/Frameworks",
				);
				MARKETING_VERSION = 1.0;
				PRODUCT_BUNDLE_IDENTIFIER = Calm.tanu.SkinHealth;
				PRODUCT_NAME = "$(TARGET_NAME)";
				SWIFT_EMIT_LOC_STRINGS = YES;
				SWIFT_VERSION = 5.0;
				TARGETED_DEVICE_FAMILY = "1,2";
			};
			name = Release;
		};
		5C0F993B2E1882890090539D /* Debug */ = {
			isa = XCBuildConfiguration;
			buildSettings = {
				BUNDLE_LOADER = "$(TEST_HOST)";
				CODE_SIGN_STYLE = Automatic;
				CURRENT_PROJECT_VERSION = 1;
				GENERATE_INFOPLIST_FILE = YES;
				IPHONEOS_DEPLOYMENT_TARGET = 18.4;
				MARKETING_VERSION = 1.0;
				PRODUCT_BUNDLE_IDENTIFIER = Calm.tanu.SkinHealthTests;
				PRODUCT_NAME = "$(TARGET_NAME)";
				SWIFT_EMIT_LOC_STRINGS = NO;
				SWIFT_VERSION = 5.0;
				TARGETED_DEVICE_FAMILY = "1,2";
				TEST_HOST = "$(BUILT_PRODUCTS_DIR)/SkinHealth.app/$(BUNDLE_EXECUTABLE_FOLDER_PATH)/SkinHealth";
			};
			name = Debug;
		};
		5C0F993C2E1882890090539D /* Release */ = {
			isa = XCBuildConfiguration;
			buildSettings = {
				BUNDLE_LOADER = "$(TEST_HOST)";
				CODE_SIGN_STYLE = Automatic;
				CURRENT_PROJECT_VERSION = 1;
				GENERATE_INFOPLIST_FILE = YES;
				IPHONEOS_DEPLOYMENT_TARGET = 18.4;
				MARKETING_VERSION = 1.0;
				PRODUCT_BUNDLE_IDENTIFIER = Calm.tanu.SkinHealthTests;
				PRODUCT_NAME = "$(TARGET_NAME)";
				SWIFT_EMIT_LOC_STRINGS = NO;
				SWIFT_VERSION = 5.0;
				TARGETED_DEVICE_FAMILY = "1,2";
				TEST_HOST = "$(BUILT_PRODUCTS_DIR)/SkinHealth.app/$(BUNDLE_EXECUTABLE_FOLDER_PATH)/SkinHealth";
			};
			name = Release;
		};
		5C0F993E2E1882890090539D /* Debug */ = {
			isa = XCBuildConfiguration;
			buildSettings = {
				CODE_SIGN_STYLE = Automatic;
				CURRENT_PROJECT_VERSION = 1;
				GENERATE_INFOPLIST_FILE = YES;
				MARKETING_VERSION = 1.0;
				PRODUCT_BUNDLE_IDENTIFIER = Calm.tanu.SkinHealthUITests;
				PRODUCT_NAME = "$(TARGET_NAME)";
				SWIFT_EMIT_LOC_STRINGS = NO;
				SWIFT_VERSION = 5.0;
				TARGETED_DEVICE_FAMILY = "1,2";
				TEST_TARGET_NAME = SkinHealth;
			};
			name = Debug;
		};
		5C0F993F2E1882890090539D /* Release */ = {
			isa = XCBuildConfiguration;
			buildSettings = {
				CODE_SIGN_STYLE = Automatic;
				CURRENT_PROJECT_VERSION = 1;
				GENERATE_INFOPLIST_FILE = YES;
				MARKETING_VERSION = 1.0;
				PRODUCT_BUNDLE_IDENTIFIER = Calm.tanu.SkinHealthUITests;
				PRODUCT_NAME = "$(TARGET_NAME)";
				SWIFT_EMIT_LOC_STRINGS = NO;
				SWIFT_VERSION = 5.0;
				TARGETED_DEVICE_FAMILY = "1,2";
				TEST_TARGET_NAME = SkinHealth;
			};
			name = Release;
		};
/* End XCBuildConfiguration section */

/* Begin XCConfigurationList section */
		5C0F99112E1882870090539D /* Build configuration list for PBXProject "SkinHealth" */ = {
			isa = XCConfigurationList;
			buildConfigurations = (
				5C0F99352E1882890090539D /* Debug */,
				5C0F99362E1882890090539D /* Release */,
			);
			defaultConfigurationIsVisible = 0;
			defaultConfigurationName = Release;
		};
		5C0F99372E1882890090539D /* Build configuration list for PBXNativeTarget "SkinHealth" */ = {
			isa = XCConfigurationList;
			buildConfigurations = (
				5C0F99382E1882890090539D /* Debug */,
				5C0F99392E1882890090539D /* Release */,
			);
			defaultConfigurationIsVisible = 0;
			defaultConfigurationName = Release;
		};
		5C0F993A2E1882890090539D /* Build configuration list for PBXNativeTarget "SkinHealthTests" */ = {
			isa = XCConfigurationList;
			buildConfigurations = (
				5C0F993B2E1882890090539D /* Debug */,
				5C0F993C2E1882890090539D /* Release */,
			);
			defaultConfigurationIsVisible = 0;
			defaultConfigurationName = Release;
		};
		5C0F993D2E1882890090539D /* Build configuration list for PBXNativeTarget "SkinHealthUITests" */ = {
			isa = XCConfigurationList;
			buildConfigurations = (
				5C0F993E2E1882890090539D /* Debug */,
				5C0F993F2E1882890090539D /* Release */,
			);
			defaultConfigurationIsVisible = 0;
			defaultConfigurationName = Release;
		};
/* End XCConfigurationList section */
	};
	rootObject = 5C0F990E2E1882870090539D /* Project object */;
}
